{
  "name": "vday-2026",
  "version": "1.0.0",
  "lockfileVersion": 3,
  "requires": true,
  "packages": {
    "": {
      "name": "vday-2026",
      "version": "1.0.0",
      "license": "ISC",
      "dependencies": {
        "crossword-layout-generator": "^0.1.1"
      }
    },
    "node_modules/crossword-layout-generator": {
      "version": "0.1.1",
      "resolved": "https://registry.npmjs.org/crossword-layout-generator/-/crossword-layout-generator-0.1.1.tgz",
      "integrity": "sha512-wunaTcpzDc1UL7iC77ckh4mMEjFuBDMYIKhJn3yq6b7jvHu5zcxe17cGh4Pv1VbLu1BfC6kgDV0IowfqDUm2sg==",
      "license": "MIT"
    }
  }
}
